// !$*UTF8*$!
{
	archiveVersion = 1;
	classes = {
	};
	objectVersion = 77;
	objects = {

/* Begin PBXBuildFile section */
		0D5D3E555E784A70305E042C /* HelixAppState.swift in Sources */ = {isa = PBXBuildFile; fileRef = 58466552B0906B21951240F1 /* HelixAppState.swift */; };
		120436A0BDDDBF24C31F8D30 /* MainWindowView.swift in Sources */ = {isa = PBXBuildFile; fileRef = B28396B11B909875C4B8BB20 /* MainWindowView.swift */; };
		14F802FA073267C118AFB865 /* SentinelAPIClient.swift in Sources */ = {isa = PBXBuildFile; fileRef = 81B35BB2EF550D1169E8CFED /* SentinelAPIClient.swift */; };
		1B98978EE51F29E8B509AA59 /* ReportView.swift in Sources */ = {isa = PBXBuildFile; fileRef = E654B5888ACF358B53174849 /* ReportView.swift */; };
		23885C7C1426DA781B5E460F /* NeuralGraphView.swift in Sources */ = {isa = PBXBuildFile; fileRef = 71DA56ED4F2F3426B9E02034 /* NeuralGraphView.swift */; };
		250D8E25220B3AB535717493 /* ChatBubbleView.swift in Sources */ = {isa = PBXBuildFile; fileRef = FEBD4BFB76B48DD1736FC1FA /* ChatBubbleView.swift */; };
		2F3DA20D5D2C21A0200A21C9 /* SharedModels.swift in Sources */ = {isa = PBXBuildFile; fileRef = 7D47C9AABA588CA41003B700 /* SharedModels.swift */; };
		31F9071AEE2F7FBEBD7D9A36 /* IdentityStatusView.swift in Sources */ = {isa = PBXBuildFile; fileRef = BA5A2EAB8B8B727F4AF90C39 /* IdentityStatusView.swift */; };
		3B4CFF3A62200F95F03F2377 /* FindingModels.swift in Sources */ = {isa = PBXBuildFile; fileRef = 66E37493145D7E9C47F0B89B /* FindingModels.swift */; };
		442083AD514DA033F1A9DC4E /* PressureShader.metal in Sources */ = {isa = PBXBuildFile; fileRef = D6ADAB1DD2D246A739B3EC7E /* PressureShader.metal */; };
		4DF5F8EFA32641E9BCBD5678 /* DashboardView.swift in Sources */ = {isa = PBXBuildFile; fileRef = CA1FB66EC2747EC1973D336E /* DashboardView.swift */; };
		5E27CAE9D470F58A550FB74F /* ModelRouter.swift in Sources */ = {isa = PBXBuildFile; fileRef = 8318D0791A1940E626D7A7ED /* ModelRouter.swift */; };
		65DA0F36B6B994075879AC8A /* ReportComposerView.swift in Sources */ = {isa = PBXBuildFile; fileRef = 426219598E6076D786D8DAD8 /* ReportComposerView.swift */; };
		74987EE4B7580B65E63446E7 /* TerminalView.swift in Sources */ = {isa = PBXBuildFile; fileRef = 62409FA58DFFE1F4DBADB601 /* TerminalView.swift */; };
		80A6BB3BC05E24DFF75831EB /* Shaders.metal in Sources */ = {isa = PBXBuildFile; fileRef = B8394185D36FC0D1095C1111 /* Shaders.metal */; };
		84565490131B06C520A4801A /* LLMService.swift in Sources */ = {isa = PBXBuildFile; fileRef = F2E8FDC8C9DD1772F9943B8F /* LLMService.swift */; };
		854DB144D784ECD29694882E /* StatusComponents.swift in Sources */ = {isa = PBXBuildFile; fileRef = 2569FD3CDF297078C1886472 /* StatusComponents.swift */; };
		9369DFE67CE6BB7E573BBAB3 /* AuditFeedView.swift in Sources */ = {isa = PBXBuildFile; fileRef = 4A68494FDEACABC92B894B50 /* AuditFeedView.swift */; };
		96387A0346121E0ACC566A88 /* PressureGraphModels.swift in Sources */ = {isa = PBXBuildFile; fileRef = 3A57E58ABCFE5304C0257CA6 /* PressureGraphModels.swift */; };
		9AD2014C3C59940C44A7233D /* NetworkGraphView.swift in Sources */ = {isa = PBXBuildFile; fileRef = 3E61DA673B2F360C4460F9F9 /* NetworkGraphView.swift */; };
		9E5726936E260B4FCC10DF3F /* PTYClient.swift in Sources */ = {isa = PBXBuildFile; fileRef = 5F7C910B6EF70385F75EC7BA /* PTYClient.swift */; };
		A38739FF3B95F3B1102BA3C9 /* EventStreamClient.swift in Sources */ = {isa = PBXBuildFile; fileRef = AA7A4E2BDBAF9FC290B68C79 /* EventStreamClient.swift */; };
		A96E61E2762FD4FD4E275E4B /* ActionRequestView.swift in Sources */ = {isa = PBXBuildFile; fileRef = BB064037D50A118943B7AB93 /* ActionRequestView.swift */; };
		AB8FD5D06E719FC5A93C0A44 /* ScanProjection.swift in Sources */ = {isa = PBXBuildFile; fileRef = 1F19F1AECDC4AE62CF2F41FE /* ScanProjection.swift */; };
		AE2C2769FC822A34B4C92CB1 /* AppReducer.swift in Sources */ = {isa = PBXBuildFile; fileRef = 230001B3E6349D392B2FE004 /* AppReducer.swift */; };
		B22F980AC2493CBC402F5BA2 /* ToolsBankView.swift in Sources */ = {isa = PBXBuildFile; fileRef = C303CDE894C92523DAC01B0A /* ToolsBankView.swift */; };
		B26A9F685FC70AC9C6D5D1A0 /* LedgerStreamClient.swift in Sources */ = {isa = PBXBuildFile; fileRef = 008A72B75EBAE4A0EB5BB1FE /* LedgerStreamClient.swift */; };
		B2B02F24B8BBCE6B7103DF29 /* CortexStream.swift in Sources */ = {isa = PBXBuildFile; fileRef = BCE68CC8F07C4B289363C486 /* CortexStream.swift */; };
		B4BB52D55A287ED8069CD66A /* index.html in Resources */ = {isa = PBXBuildFile; fileRef = 66511897847C968BFC7F8D7A /* index.html */; };
		BA612DD4500BA86414972F25 /* HelixError.swift in Sources */ = {isa = PBXBuildFile; fileRef = D45E68340782F5F007892DD6 /* HelixError.swift */; };
		BE954D7AE0662CD4A638C666 /* SentinelForgeApp.swift in Sources */ = {isa = PBXBuildFile; fileRef = 13132A4BDB652874A328C71B /* SentinelForgeApp.swift */; };
		C4EAE38493520E1B56033FEE /* GraphModels.swift in Sources */ = {isa = PBXBuildFile; fileRef = 493C6711EF03532E783C01F1 /* GraphModels.swift */; };
		C4EDBDE9C6812EFA33977B44 /* ChatView.swift in Sources */ = {isa = PBXBuildFile; fileRef = 1269D7C35447A70FD8D1D9FB /* ChatView.swift */; };
		C94EFAA35A0D3B712FC57FB6 /* GenerateModels.swift in Sources */ = {isa = PBXBuildFile; fileRef = 2629EBACF27C2661DD8B72E7 /* GenerateModels.swift */; };
		E75B45E5BB77A4B604D97732 /* ScanControlView.swift in Sources */ = {isa = PBXBuildFile; fileRef = B1614A34830DE729E55890F6 /* ScanControlView.swift */; };
		F1D02E19B9E5B252F227CA09 /* GraphRenderer.swift in Sources */ = {isa = PBXBuildFile; fileRef = A19E9F4E50E60ADC4DBDE5B7 /* GraphRenderer.swift */; };
		FB54B31E033C572BFA666FB3 /* AnyCodable.swift in Sources */ = {isa = PBXBuildFile; fileRef = 6EA4C5DC1C91D1C3867752C8 /* AnyCodable.swift */; };
		FD713260357E395BCDCB0682 /* BackendManager.swift in Sources */ = {isa = PBXBuildFile; fileRef = 7308F0EA7AC9B332BAD2C77B /* BackendManager.swift */; };
/* End PBXBuildFile section */

/* Begin PBXFileReference section */
		008A72B75EBAE4A0EB5BB1FE /* LedgerStreamClient.swift */ = {isa = PBXFileReference; lastKnownFileType = sourcecode.swift; path = LedgerStreamClient.swift; sourceTree = "<group>"; };
		067CE6DABF3050B27FC85508 /* core */ = {isa = PBXFileReference; lastKnownFileType = folder; name = core; path = ../core; sourceTree = SOURCE_ROOT; };
		1269D7C35447A70FD8D1D9FB /* ChatView.swift */ = {isa = PBXFileReference; lastKnownFileType = sourcecode.swift; path = ChatView.swift; sourceTree = "<group>"; };
		13132A4BDB652874A328C71B /* SentinelForgeApp.swift */ = {isa = PBXFileReference; lastKnownFileType = sourcecode.swift; path = SentinelForgeApp.swift; sourceTree = "<group>"; };
		1F19F1AECDC4AE62CF2F41FE /* ScanProjection.swift */ = {isa = PBXFileReference; lastKnownFileType = sourcecode.swift; path = ScanProjection.swift; sourceTree = "<group>"; };
		230001B3E6349D392B2FE004 /* AppReducer.swift */ = {isa = PBXFileReference; lastKnownFileType = sourcecode.swift; path = AppReducer.swift; sourceTree = "<group>"; };
		24341BFC06FC18EE38977FFC /* SentinelForge.app */ = {isa = PBXFileReference; explicitFileType = wrapper.application; includeInIndex = 0; path = SentinelForge.app; sourceTree = BUILT_PRODUCTS_DIR; };
		2569FD3CDF297078C1886472 /* StatusComponents.swift */ = {isa = PBXFileReference; lastKnownFileType = sourcecode.swift; path = StatusComponents.swift; sourceTree = "<group>"; };
		2629EBACF27C2661DD8B72E7 /* GenerateModels.swift */ = {isa = PBXFileReference; lastKnownFileType = sourcecode.swift; path = GenerateModels.swift; sourceTree = "<group>"; };
		3A57E58ABCFE5304C0257CA6 /* PressureGraphModels.swift */ = {isa = PBXFileReference; lastKnownFileType = sourcecode.swift; path = PressureGraphModels.swift; sourceTree = "<group>"; };
		3E61DA673B2F360C4460F9F9 /* NetworkGraphView.swift */ = {isa = PBXFileReference; lastKnownFileType = sourcecode.swift; path = NetworkGraphView.swift; sourceTree = "<group>"; };
		426219598E6076D786D8DAD8 /* ReportComposerView.swift */ = {isa = PBXFileReference; lastKnownFileType = sourcecode.swift; path = ReportComposerView.swift; sourceTree = "<group>"; };
		493C6711EF03532E783C01F1 /* GraphModels.swift */ = {isa = PBXFileReference; lastKnownFileType = sourcecode.swift; path = GraphModels.swift; sourceTree = "<group>"; };
		4A68494FDEACABC92B894B50 /* AuditFeedView.swift */ = {isa = PBXFileReference; lastKnownFileType = sourcecode.swift; path = AuditFeedView.swift; sourceTree = "<group>"; };
		58466552B0906B21951240F1 /* HelixAppState.swift */ = {isa = PBXFileReference; lastKnownFileType = sourcecode.swift; path = HelixAppState.swift; sourceTree = "<group>"; };
		5F7C910B6EF70385F75EC7BA /* PTYClient.swift */ = {isa = PBXFileReference; lastKnownFileType = sourcecode.swift; path = PTYClient.swift; sourceTree = "<group>"; };
		62409FA58DFFE1F4DBADB601 /* TerminalView.swift */ = {isa = PBXFileReference; lastKnownFileType = sourcecode.swift; path = TerminalView.swift; sourceTree = "<group>"; };
		66511897847C968BFC7F8D7A /* index.html */ = {isa = PBXFileReference; lastKnownFileType = text.html; path = index.html; sourceTree = "<group>"; };
		66E37493145D7E9C47F0B89B /* FindingModels.swift */ = {isa = PBXFileReference; lastKnownFileType = sourcecode.swift; path = FindingModels.swift; sourceTree = "<group>"; };
		6EA4C5DC1C91D1C3867752C8 /* AnyCodable.swift */ = {isa = PBXFileReference; lastKnownFileType = sourcecode.swift; path = AnyCodable.swift; sourceTree = "<group>"; };
		71DA56ED4F2F3426B9E02034 /* NeuralGraphView.swift */ = {isa = PBXFileReference; lastKnownFileType = sourcecode.swift; path = NeuralGraphView.swift; sourceTree = "<group>"; };
		7308F0EA7AC9B332BAD2C77B /* BackendManager.swift */ = {isa = PBXFileReference; lastKnownFileType = sourcecode.swift; path = BackendManager.swift; sourceTree = "<group>"; };
		7D47C9AABA588CA41003B700 /* SharedModels.swift */ = {isa = PBXFileReference; lastKnownFileType = sourcecode.swift; path = SharedModels.swift; sourceTree = "<group>"; };
		81B35BB2EF550D1169E8CFED /* SentinelAPIClient.swift */ = {isa = PBXFileReference; lastKnownFileType = sourcecode.swift; path = SentinelAPIClient.swift; sourceTree = "<group>"; };
		8318D0791A1940E626D7A7ED /* ModelRouter.swift */ = {isa = PBXFileReference; lastKnownFileType = sourcecode.swift; path = ModelRouter.swift; sourceTree = "<group>"; };
		A19E9F4E50E60ADC4DBDE5B7 /* GraphRenderer.swift */ = {isa = PBXFileReference; lastKnownFileType = sourcecode.swift; path = GraphRenderer.swift; sourceTree = "<group>"; };
		AA7A4E2BDBAF9FC290B68C79 /* EventStreamClient.swift */ = {isa = PBXFileReference; lastKnownFileType = sourcecode.swift; path = EventStreamClient.swift; sourceTree = "<group>"; };
		B1614A34830DE729E55890F6 /* ScanControlView.swift */ = {isa = PBXFileReference; lastKnownFileType = sourcecode.swift; path = ScanControlView.swift; sourceTree = "<group>"; };
		B28396B11B909875C4B8BB20 /* MainWindowView.swift */ = {isa = PBXFileReference; lastKnownFileType = sourcecode.swift; path = MainWindowView.swift; sourceTree = "<group>"; };
		B8394185D36FC0D1095C1111 /* Shaders.metal */ = {isa = PBXFileReference; lastKnownFileType = sourcecode.metal; path = Shaders.metal; sourceTree = "<group>"; };
		BA5A2EAB8B8B727F4AF90C39 /* IdentityStatusView.swift */ = {isa = PBXFileReference; lastKnownFileType = sourcecode.swift; path = IdentityStatusView.swift; sourceTree = "<group>"; };
		BB064037D50A118943B7AB93 /* ActionRequestView.swift */ = {isa = PBXFileReference; lastKnownFileType = sourcecode.swift; path = ActionRequestView.swift; sourceTree = "<group>"; };
		BCE68CC8F07C4B289363C486 /* CortexStream.swift */ = {isa = PBXFileReference; lastKnownFileType = sourcecode.swift; path = CortexStream.swift; sourceTree = "<group>"; };
		C303CDE894C92523DAC01B0A /* ToolsBankView.swift */ = {isa = PBXFileReference; lastKnownFileType = sourcecode.swift; path = ToolsBankView.swift; sourceTree = "<group>"; };
		CA1FB66EC2747EC1973D336E /* DashboardView.swift */ = {isa = PBXFileReference; lastKnownFileType = sourcecode.swift; path = DashboardView.swift; sourceTree = "<group>"; };
		D45E68340782F5F007892DD6 /* HelixError.swift */ = {isa = PBXFileReference; lastKnownFileType = sourcecode.swift; path = HelixError.swift; sourceTree = "<group>"; };
		D6ADAB1DD2D246A739B3EC7E /* PressureShader.metal */ = {isa = PBXFileReference; lastKnownFileType = sourcecode.metal; path = PressureShader.metal; sourceTree = "<group>"; };
		E654B5888ACF358B53174849 /* ReportView.swift */ = {isa = PBXFileReference; lastKnownFileType = sourcecode.swift; path = ReportView.swift; sourceTree = "<group>"; };
		F2E8FDC8C9DD1772F9943B8F /* LLMService.swift */ = {isa = PBXFileReference; lastKnownFileType = sourcecode.swift; path = LLMService.swift; sourceTree = "<group>"; };
		FEBD4BFB76B48DD1736FC1FA /* ChatBubbleView.swift */ = {isa = PBXFileReference; lastKnownFileType = sourcecode.swift; path = ChatBubbleView.swift; sourceTree = "<group>"; };
/* End PBXFileReference section */

/* Begin PBXGroup section */
		00D139BD55DE3822C0141BC0 /* Graph */ = {
			isa = PBXGroup;
			children = (
				493C6711EF03532E783C01F1 /* GraphModels.swift */,
				3E61DA673B2F360C4460F9F9 /* NetworkGraphView.swift */,
			);
			path = Graph;
			sourceTree = "<group>";
		};
		1A693498905EC4EDE74A72B0 /* Models */ = {
			isa = PBXGroup;
			children = (
				6EA4C5DC1C91D1C3867752C8 /* AnyCodable.swift */,
				66E37493145D7E9C47F0B89B /* FindingModels.swift */,
				58466552B0906B21951240F1 /* HelixAppState.swift */,
				3A57E58ABCFE5304C0257CA6 /* PressureGraphModels.swift */,
				7D47C9AABA588CA41003B700 /* SharedModels.swift */,
			);
			path = Models;
			sourceTree = "<group>";
		};
		2BE62123C101D1A0E78E9AC3 = {
			isa = PBXGroup;
			children = (
				F69478BB4593A2ED44797763 /* Core (Python) */,
				A39ECB073AF93C27FA90F973 /* Sources */,
				73F5367697371FAE0E7DD69E /* Products */,
			);
			sourceTree = "<group>";
		};
		47686AF82049D529E08F45D3 /* Components */ = {
			isa = PBXGroup;
			children = (
				BA5A2EAB8B8B727F4AF90C39 /* IdentityStatusView.swift */,
				2569FD3CDF297078C1886472 /* StatusComponents.swift */,
			);
			path = Components;
			sourceTree = "<group>";
		};
		5321FAE8612DFB56299C84FA /* Services */ = {
			isa = PBXGroup;
			children = (
				7308F0EA7AC9B332BAD2C77B /* BackendManager.swift */,
				BCE68CC8F07C4B289363C486 /* CortexStream.swift */,
				AA7A4E2BDBAF9FC290B68C79 /* EventStreamClient.swift */,
				2629EBACF27C2661DD8B72E7 /* GenerateModels.swift */,
				008A72B75EBAE4A0EB5BB1FE /* LedgerStreamClient.swift */,
				F2E8FDC8C9DD1772F9943B8F /* LLMService.swift */,
				8318D0791A1940E626D7A7ED /* ModelRouter.swift */,
				5F7C910B6EF70385F75EC7BA /* PTYClient.swift */,
				81B35BB2EF550D1169E8CFED /* SentinelAPIClient.swift */,
			);
			path = Services;
			sourceTree = "<group>";
		};
		5B656A3896A9D4B8E38F5052 /* Audit */ = {
			isa = PBXGroup;
			children = (
				4A68494FDEACABC92B894B50 /* AuditFeedView.swift */,
			);
			path = Audit;
			sourceTree = "<group>";
		};
		5F3DA0D8B483B48446528192 /* Scan */ = {
			isa = PBXGroup;
			children = (
				BB064037D50A118943B7AB93 /* ActionRequestView.swift */,
				B1614A34830DE729E55890F6 /* ScanControlView.swift */,
			);
			path = Scan;
			sourceTree = "<group>";
		};
		60440DC14E3C92AFE4989274 /* Graph */ = {
			isa = PBXGroup;
			children = (
				A19E9F4E50E60ADC4DBDE5B7 /* GraphRenderer.swift */,
				71DA56ED4F2F3426B9E02034 /* NeuralGraphView.swift */,
				B8394185D36FC0D1095C1111 /* Shaders.metal */,
				9F4A1567420A88A2907C77A7 /* Pressure */,
			);
			path = Graph;
			sourceTree = "<group>";
		};
		6D62B4193A773E1BAD71CACC /* Resources */ = {
			isa = PBXGroup;
			children = (
				CDFBB4839094FFE984CC115D /* terminal */,
			);
			path = Resources;
			sourceTree = "<group>";
		};
		73F5367697371FAE0E7DD69E /* Products */ = {
			isa = PBXGroup;
			children = (
				24341BFC06FC18EE38977FFC /* SentinelForge.app */,
			);
			name = Products;
			sourceTree = "<group>";
		};
		7B41ED2CB39FF224E40A0163 /* Dashboard */ = {
			isa = PBXGroup;
			children = (
				CA1FB66EC2747EC1973D336E /* DashboardView.swift */,
			);
			path = Dashboard;
			sourceTree = "<group>";
		};
		84EFB1F64934F1A83E45E3BF /* Reporting */ = {
			isa = PBXGroup;
			children = (
				E654B5888ACF358B53174849 /* ReportView.swift */,
			);
			path = Reporting;
			sourceTree = "<group>";
		};
		9F4A1567420A88A2907C77A7 /* Pressure */ = {
			isa = PBXGroup;
			children = (
				D6ADAB1DD2D246A739B3EC7E /* PressureShader.metal */,
			);
			path = Pressure;
			sourceTree = "<group>";
		};
		A39ECB073AF93C27FA90F973 /* Sources */ = {
			isa = PBXGroup;
			children = (
				13132A4BDB652874A328C71B /* SentinelForgeApp.swift */,
				DEBA79A26D010D85820EF528 /* Core */,
				60440DC14E3C92AFE4989274 /* Graph */,
				1A693498905EC4EDE74A72B0 /* Models */,
				6D62B4193A773E1BAD71CACC /* Resources */,
				5321FAE8612DFB56299C84FA /* Services */,
				D2F5FD7733DE5DF6B1387441 /* Views */,
			);
			path = Sources;
			sourceTree = "<group>";
		};
		ABF3011118C3208D743C9393 /* Report */ = {
			isa = PBXGroup;
			children = (
				426219598E6076D786D8DAD8 /* ReportComposerView.swift */,
			);
			path = Report;
			sourceTree = "<group>";
		};
		CBB201D7DEF1757F9F9AF0CC /* Navigation */ = {
			isa = PBXGroup;
			children = (
				1269D7C35447A70FD8D1D9FB /* ChatView.swift */,
				62409FA58DFFE1F4DBADB601 /* TerminalView.swift */,
			);
			path = Navigation;
			sourceTree = "<group>";
		};
		CDFBB4839094FFE984CC115D /* terminal */ = {
			isa = PBXGroup;
			children = (
				66511897847C968BFC7F8D7A /* index.html */,
			);
			path = terminal;
			sourceTree = "<group>";
		};
		D2F5FD7733DE5DF6B1387441 /* Views */ = {
			isa = PBXGroup;
			children = (
				FEBD4BFB76B48DD1736FC1FA /* ChatBubbleView.swift */,
				B28396B11B909875C4B8BB20 /* MainWindowView.swift */,
				C303CDE894C92523DAC01B0A /* ToolsBankView.swift */,
				5B656A3896A9D4B8E38F5052 /* Audit */,
				47686AF82049D529E08F45D3 /* Components */,
				7B41ED2CB39FF224E40A0163 /* Dashboard */,
				00D139BD55DE3822C0141BC0 /* Graph */,
				CBB201D7DEF1757F9F9AF0CC /* Navigation */,
				ABF3011118C3208D743C9393 /* Report */,
				84EFB1F64934F1A83E45E3BF /* Reporting */,
				5F3DA0D8B483B48446528192 /* Scan */,
			);
			path = Views;
			sourceTree = "<group>";
		};
		DEBA79A26D010D85820EF528 /* Core */ = {
			isa = PBXGroup;
			children = (
				230001B3E6349D392B2FE004 /* AppReducer.swift */,
				D45E68340782F5F007892DD6 /* HelixError.swift */,
				1F19F1AECDC4AE62CF2F41FE /* ScanProjection.swift */,
			);
			path = Core;
			sourceTree = "<group>";
		};
		F69478BB4593A2ED44797763 /* Core (Python) */ = {
			isa = PBXGroup;
			children = (
				067CE6DABF3050B27FC85508 /* core */,
			);
			name = "Core (Python)";
			sourceTree = "<group>";
		};
/* End PBXGroup section */

/* Begin PBXNativeTarget section */
		78EB87E2AC973F5EBBEE1BD3 /* SentinelForge */ = {
			isa = PBXNativeTarget;
			buildConfigurationList = 7165F87375CBF309E67E885C /* Build configuration list for PBXNativeTarget "SentinelForge" */;
			buildPhases = (
				CB9FFD703B4BAC6EAC174D59 /* Sources */,
				30A2FDD4CFFCE3811B71471E /* Resources */,
			);
			buildRules = (
			);
			dependencies = (
			);
			name = SentinelForge;
			packageProductDependencies = (
			);
			productName = SentinelForge;
			productReference = 24341BFC06FC18EE38977FFC /* SentinelForge.app */;
			productType = "com.apple.product-type.application";
		};
/* End PBXNativeTarget section */

/* Begin PBXProject section */
		7625DDA0D8E32C089687270D /* Project object */ = {
			isa = PBXProject;
			attributes = {
				BuildIndependentTargetsInParallel = YES;
				LastUpgradeCheck = 1500;
				TargetAttributes = {
					78EB87E2AC973F5EBBEE1BD3 = {
						ProvisioningStyle = Automatic;
					};
				};
			};
			buildConfigurationList = ABB82D16F30F1E2E0B442F89 /* Build configuration list for PBXProject "SentinelForge" */;
			compatibilityVersion = "Xcode 14.0";
			developmentRegion = en;
			hasScannedForEncodings = 0;
			knownRegions = (
				Base,
				en,
			);
			mainGroup = 2BE62123C101D1A0E78E9AC3;
			minimizedProjectReferenceProxies = 1;
			preferredProjectObjectVersion = 77;
			projectDirPath = "";
			projectRoot = "";
			targets = (
				78EB87E2AC973F5EBBEE1BD3 /* SentinelForge */,
			);
		};
/* End PBXProject section */

/* Begin PBXResourcesBuildPhase section */
		30A2FDD4CFFCE3811B71471E /* Resources */ = {
			isa = PBXResourcesBuildPhase;
			buildActionMask = 2147483647;
			files = (
				B4BB52D55A287ED8069CD66A /* index.html in Resources */,
			);
			runOnlyForDeploymentPostprocessing = 0;
		};
/* End PBXResourcesBuildPhase section */

/* Begin PBXSourcesBuildPhase section */
		CB9FFD703B4BAC6EAC174D59 /* Sources */ = {
			isa = PBXSourcesBuildPhase;
			buildActionMask = 2147483647;
			files = (
				A96E61E2762FD4FD4E275E4B /* ActionRequestView.swift in Sources */,
				FB54B31E033C572BFA666FB3 /* AnyCodable.swift in Sources */,
				AE2C2769FC822A34B4C92CB1 /* AppReducer.swift in Sources */,
				9369DFE67CE6BB7E573BBAB3 /* AuditFeedView.swift in Sources */,
				FD713260357E395BCDCB0682 /* BackendManager.swift in Sources */,
				250D8E25220B3AB535717493 /* ChatBubbleView.swift in Sources */,
				C4EDBDE9C6812EFA33977B44 /* ChatView.swift in Sources */,
				B2B02F24B8BBCE6B7103DF29 /* CortexStream.swift in Sources */,
				4DF5F8EFA32641E9BCBD5678 /* DashboardView.swift in Sources */,
				A38739FF3B95F3B1102BA3C9 /* EventStreamClient.swift in Sources */,
				3B4CFF3A62200F95F03F2377 /* FindingModels.swift in Sources */,
				C94EFAA35A0D3B712FC57FB6 /* GenerateModels.swift in Sources */,
				C4EAE38493520E1B56033FEE /* GraphModels.swift in Sources */,
				F1D02E19B9E5B252F227CA09 /* GraphRenderer.swift in Sources */,
				0D5D3E555E784A70305E042C /* HelixAppState.swift in Sources */,
				BA612DD4500BA86414972F25 /* HelixError.swift in Sources */,
				31F9071AEE2F7FBEBD7D9A36 /* IdentityStatusView.swift in Sources */,
				84565490131B06C520A4801A /* LLMService.swift in Sources */,
				B26A9F685FC70AC9C6D5D1A0 /* LedgerStreamClient.swift in Sources */,
				120436A0BDDDBF24C31F8D30 /* MainWindowView.swift in Sources */,
				5E27CAE9D470F58A550FB74F /* ModelRouter.swift in Sources */,
				9AD2014C3C59940C44A7233D /* NetworkGraphView.swift in Sources */,
				23885C7C1426DA781B5E460F /* NeuralGraphView.swift in Sources */,
				9E5726936E260B4FCC10DF3F /* PTYClient.swift in Sources */,
				96387A0346121E0ACC566A88 /* PressureGraphModels.swift in Sources */,
				442083AD514DA033F1A9DC4E /* PressureShader.metal in Sources */,
				65DA0F36B6B994075879AC8A /* ReportComposerView.swift in Sources */,
				1B98978EE51F29E8B509AA59 /* ReportView.swift in Sources */,
				E75B45E5BB77A4B604D97732 /* ScanControlView.swift in Sources */,
				AB8FD5D06E719FC5A93C0A44 /* ScanProjection.swift in Sources */,
				14F802FA073267C118AFB865 /* SentinelAPIClient.swift in Sources */,
				BE954D7AE0662CD4A638C666 /* SentinelForgeApp.swift in Sources */,
				80A6BB3BC05E24DFF75831EB /* Shaders.metal in Sources */,
				2F3DA20D5D2C21A0200A21C9 /* SharedModels.swift in Sources */,
				854DB144D784ECD29694882E /* StatusComponents.swift in Sources */,
				74987EE4B7580B65E63446E7 /* TerminalView.swift in Sources */,
				B22F980AC2493CBC402F5BA2 /* ToolsBankView.swift in Sources */,
			);
			runOnlyForDeploymentPostprocessing = 0;
		};
/* End PBXSourcesBuildPhase section */

/* Begin XCBuildConfiguration section */
		4D54E480A64E462BD66A4709 /* Release */ = {
			isa = XCBuildConfiguration;
			buildSettings = {
				ASSETCATALOG_COMPILER_APPICON_NAME = AppIcon;
				CODE_SIGN_ENTITLEMENTS = SentinelForge.entitlements;
				CODE_SIGN_STYLE = Automatic;
				COMBINE_HIDPI_IMAGES = YES;
				ENABLE_PREVIEWS = YES;
				INFOPLIST_FILE = Info.plist;
				LD_RUNPATH_SEARCH_PATHS = (
					"$(inherited)",
					"@executable_path/../Frameworks",
				);
				MACOSX_DEPLOYMENT_TARGET = 14.0;
				PRODUCT_BUNDLE_IDENTIFIER = com.sentinel.SentinelForge;
				PRODUCT_NAME = SentinelForge;
				SDKROOT = macosx;
				SWIFT_VERSION = 5.0;
			};
			name = Release;
		};
		6703269B016ABDA4D0775DBA /* Debug */ = {
			isa = XCBuildConfiguration;
			buildSettings = {
				ASSETCATALOG_COMPILER_APPICON_NAME = AppIcon;
				CODE_SIGN_ENTITLEMENTS = SentinelForge.entitlements;
				CODE_SIGN_STYLE = Automatic;
				COMBINE_HIDPI_IMAGES = YES;
				ENABLE_PREVIEWS = YES;
				INFOPLIST_FILE = Info.plist;
				LD_RUNPATH_SEARCH_PATHS = (
					"$(inherited)",
					"@executable_path/../Frameworks",
				);
				MACOSX_DEPLOYMENT_TARGET = 14.0;
				PRODUCT_BUNDLE_IDENTIFIER = com.sentinel.SentinelForge;
				PRODUCT_NAME = SentinelForge;
				SDKROOT = macosx;
				SWIFT_VERSION = 5.0;
			};
			name = Debug;
		};
		DED2496B2FA01707D6E07D6C /* Debug */ = {
			isa = XCBuildConfiguration;
			buildSettings = {
				ALWAYS_SEARCH_USER_PATHS = NO;
				CLANG_ANALYZER_NONNULL = YES;
				CLANG_ANALYZER_NUMBER_OBJECT_CONVERSION = YES_AGGRESSIVE;
				CLANG_CXX_LANGUAGE_STANDARD = "gnu++14";
				CLANG_CXX_LIBRARY = "libc++";
				CLANG_ENABLE_MODULES = YES;
				CLANG_ENABLE_OBJC_ARC = YES;
				CLANG_ENABLE_OBJC_WEAK = YES;
				CLANG_WARN_BLOCK_CAPTURE_AUTORELEASING = YES;
				CLANG_WARN_BOOL_CONVERSION = YES;
				CLANG_WARN_COMMA = YES;
				CLANG_WARN_CONSTANT_CONVERSION = YES;
				CLANG_WARN_DEPRECATED_OBJC_IMPLEMENTATIONS = YES;
				CLANG_WARN_DIRECT_OBJC_ISA_USAGE = YES_ERROR;
				CLANG_WARN_DOCUMENTATION_COMMENTS = YES;
				CLANG_WARN_EMPTY_BODY = YES;
				CLANG_WARN_ENUM_CONVERSION = YES;
				CLANG_WARN_INFINITE_RECURSION = YES;
				CLANG_WARN_INT_CONVERSION = YES;
				CLANG_WARN_NON_LITERAL_NULL_CONVERSION = YES;
				CLANG_WARN_OBJC_IMPLICIT_RETAIN_SELF = YES;
				CLANG_WARN_OBJC_LITERAL_CONVERSION = YES;
				CLANG_WARN_OBJC_ROOT_CLASS = YES_ERROR;
				CLANG_WARN_QUOTED_INCLUDE_IN_FRAMEWORK_HEADER = YES;
				CLANG_WARN_RANGE_LOOP_ANALYSIS = YES;
				CLANG_WARN_STRICT_PROTOTYPES = YES;
				CLANG_WARN_SUSPICIOUS_MOVE = YES;
				CLANG_WARN_UNGUARDED_AVAILABILITY = YES_AGGRESSIVE;
				CLANG_WARN_UNREACHABLE_CODE = YES;
				CLANG_WARN__DUPLICATE_METHOD_MATCH = YES;
				COPY_PHASE_STRIP = NO;
				DEBUG_INFORMATION_FORMAT = dwarf;
				ENABLE_STRICT_OBJC_MSGSEND = YES;
				ENABLE_TESTABILITY = YES;
				GCC_C_LANGUAGE_STANDARD = gnu11;
				GCC_DYNAMIC_NO_PIC = NO;
				GCC_NO_COMMON_BLOCKS = YES;
				GCC_OPTIMIZATION_LEVEL = 0;
				GCC_PREPROCESSOR_DEFINITIONS = (
					"$(inherited)",
					"DEBUG=1",
				);
				GCC_WARN_64_TO_32_BIT_CONVERSION = YES;
				GCC_WARN_ABOUT_RETURN_TYPE = YES_ERROR;
				GCC_WARN_UNDECLARED_SELECTOR = YES;
				GCC_WARN_UNINITIALIZED_AUTOS = YES_AGGRESSIVE;
				GCC_WARN_UNUSED_FUNCTION = YES;
				GCC_WARN_UNUSED_VARIABLE = YES;
				MACOSX_DEPLOYMENT_TARGET = 14.0;
				MTL_ENABLE_DEBUG_INFO = INCLUDE_SOURCE;
				MTL_FAST_MATH = YES;
				ONLY_ACTIVE_ARCH = YES;
				PRODUCT_NAME = "$(TARGET_NAME)";
				SDKROOT = macosx;
				SWIFT_ACTIVE_COMPILATION_CONDITIONS = DEBUG;
				SWIFT_OPTIMIZATION_LEVEL = "-Onone";
				SWIFT_VERSION = 5.0;
			};
			name = Debug;
		};
		F1A80BD8AD5380574E05B917 /* Release */ = {
			isa = XCBuildConfiguration;
			buildSettings = {
				ALWAYS_SEARCH_USER_PATHS = NO;
				CLANG_ANALYZER_NONNULL = YES;
				CLANG_ANALYZER_NUMBER_OBJECT_CONVERSION = YES_AGGRESSIVE;
				CLANG_CXX_LANGUAGE_STANDARD = "gnu++14";
				CLANG_CXX_LIBRARY = "libc++";
				CLANG_ENABLE_MODULES = YES;
				CLANG_ENABLE_OBJC_ARC = YES;
				CLANG_ENABLE_OBJC_WEAK = YES;
				CLANG_WARN_BLOCK_CAPTURE_AUTORELEASING = YES;
				CLANG_WARN_BOOL_CONVERSION = YES;
				CLANG_WARN_COMMA = YES;
				CLANG_WARN_CONSTANT_CONVERSION = YES;
				CLANG_WARN_DEPRECATED_OBJC_IMPLEMENTATIONS = YES;
				CLANG_WARN_DIRECT_OBJC_ISA_USAGE = YES_ERROR;
				CLANG_WARN_DOCUMENTATION_COMMENTS = YES;
				CLANG_WARN_EMPTY_BODY = YES;
				CLANG_WARN_ENUM_CONVERSION = YES;
				CLANG_WARN_INFINITE_RECURSION = YES;
				CLANG_WARN_INT_CONVERSION = YES;
				CLANG_WARN_NON_LITERAL_NULL_CONVERSION = YES;
				CLANG_WARN_OBJC_IMPLICIT_RETAIN_SELF = YES;
				CLANG_WARN_OBJC_LITERAL_CONVERSION = YES;
				CLANG_WARN_OBJC_ROOT_CLASS = YES_ERROR;
				CLANG_WARN_QUOTED_INCLUDE_IN_FRAMEWORK_HEADER = YES;
				CLANG_WARN_RANGE_LOOP_ANALYSIS = YES;
				CLANG_WARN_STRICT_PROTOTYPES = YES;
				CLANG_WARN_SUSPICIOUS_MOVE = YES;
				CLANG_WARN_UNGUARDED_AVAILABILITY = YES_AGGRESSIVE;
				CLANG_WARN_UNREACHABLE_CODE = YES;
				CLANG_WARN__DUPLICATE_METHOD_MATCH = YES;
				COPY_PHASE_STRIP = NO;
				DEBUG_INFORMATION_FORMAT = "dwarf-with-dsym";
				ENABLE_NS_ASSERTIONS = NO;
				ENABLE_STRICT_OBJC_MSGSEND = YES;
				GCC_C_LANGUAGE_STANDARD = gnu11;
				GCC_NO_COMMON_BLOCKS = YES;
				GCC_WARN_64_TO_32_BIT_CONVERSION = YES;
				GCC_WARN_ABOUT_RETURN_TYPE = YES_ERROR;
				GCC_WARN_UNDECLARED_SELECTOR = YES;
				GCC_WARN_UNINITIALIZED_AUTOS = YES_AGGRESSIVE;
				GCC_WARN_UNUSED_FUNCTION = YES;
				GCC_WARN_UNUSED_VARIABLE = YES;
				MACOSX_DEPLOYMENT_TARGET = 14.0;
				MTL_ENABLE_DEBUG_INFO = NO;
				MTL_FAST_MATH = YES;
				PRODUCT_NAME = "$(TARGET_NAME)";
				SDKROOT = macosx;
				SWIFT_COMPILATION_MODE = wholemodule;
				SWIFT_OPTIMIZATION_LEVEL = "-O";
				SWIFT_VERSION = 5.0;
			};
			name = Release;
		};
/* End XCBuildConfiguration section */

/* Begin XCConfigurationList section */
		7165F87375CBF309E67E885C /* Build configuration list for PBXNativeTarget "SentinelForge" */ = {
			isa = XCConfigurationList;
			buildConfigurations = (
				6703269B016ABDA4D0775DBA /* Debug */,
				4D54E480A64E462BD66A4709 /* Release */,
			);
			defaultConfigurationIsVisible = 0;
			defaultConfigurationName = Debug;
		};
		ABB82D16F30F1E2E0B442F89 /* Build configuration list for PBXProject "SentinelForge" */ = {
			isa = XCConfigurationList;
			buildConfigurations = (
				DED2496B2FA01707D6E07D6C /* Debug */,
				F1A80BD8AD5380574E05B917 /* Release */,
			);
			defaultConfigurationIsVisible = 0;
			defaultConfigurationName = Debug;
		};
/* End XCConfigurationList section */
	};
	rootObject = 7625DDA0D8E32C089687270D /* Project object */;
}
